
Microsoft Visual Studio Solution File, Format Version 12.00
# Visual Studio Version 16
VisualStudioVersion = 16.0.30621.155
MinimumVisualStudioVersion = 10.0.40219.1
Project("{FAE04EC0-301F-11D3-BF4B-00C04F79EFBC}") = "hesapmakinesi", "hesapmakinesi\hesapmakinesi.csproj", "{3FB6F7A1-41AC-4BC7-B160-5E321D10CAFE}"
EndProject
Global
	GlobalSection(SolutionConfigurationPlatforms) = preSolution
		Debug|Any CPU = Debug|Any CPU
		Release|Any CPU = Release|Any CPU
	EndGlobalSection
	GlobalSection(ProjectConfigurationPlatforms) = postSolution
		{3FB6F7A1-41AC-4BC7-B160-5E321D10CAFE}.Debug|Any CPU.ActiveCfg = Debug|Any CPU
		{3FB6F7A1-41AC-4BC7-B160-5E321D10CAFE}.Debug|Any CPU.Build.0 = Debug|Any CPU
		{3FB6F7A1-41AC-4BC7-B160-5E321D10CAFE}.Release|Any CPU.ActiveCfg = Release|Any CPU
		{3FB6F7A1-41AC-4BC7-B160-5E321D10CAFE}.Release|Any CPU.Build.0 = Release|Any CPU
	EndGlobalSection
	GlobalSection(SolutionProperties) = preSolution
		HideSolutionNode = FALSE
	EndGlobalSection
	GlobalSection(ExtensibilityGlobals) = postSolution
		SolutionGuid = {C7256395-153F-44AB-A0C9-B25BFF96DECA}
	EndGlobalSection
EndGlobal
